// !$*UTF8*$!
{
	archiveVersion = 1;
	classes = {
	};
	objectVersion = 50;
	objects = {

/* Begin PBXBuildFile section */
		90246BBE26582884007F1BCB /* AppDelegate.swift in Sources */ = {isa = PBXBuildFile; fileRef = 90246BBD26582884007F1BCB /* AppDelegate.swift */; };
		90246BC226582884007F1BCB /* ViewController.swift in Sources */ = {isa = PBXBuildFile; fileRef = 90246BC126582884007F1BCB /* ViewController.swift */; };
		90246BC526582884007F1BCB /* Main.storyboard in Resources */ = {isa = PBXBuildFile; fileRef = 90246BC326582884007F1BCB /* Main.storyboard */; };
		90246BC726582885007F1BCB /* Assets.xcassets in Resources */ = {isa = PBXBuildFile; fileRef = 90246BC626582885007F1BCB /* Assets.xcassets */; };
		90246BCA26582885007F1BCB /* LaunchScreen.storyboard in Resources */ = {isa = PBXBuildFile; fileRef = 90246BC826582885007F1BCB /* LaunchScreen.storyboard */; };
		90246BD4265835AD007F1BCB /* AstroPhotoResponse.swift in Sources */ = {isa = PBXBuildFile; fileRef = 90246BD3265835AD007F1BCB /* AstroPhotoResponse.swift */; };
		90246BF226583CC6007F1BCB /* URLSessionAPI.framework in Frameworks */ = {isa = PBXBuildFile; fileRef = 90246BF126583CC6007F1BCB /* URLSessionAPI.framework */; };
		90246BF326583CC6007F1BCB /* URLSessionAPI.framework in Embed Frameworks */ = {isa = PBXBuildFile; fileRef = 90246BF126583CC6007F1BCB /* URLSessionAPI.framework */; settings = {ATTRIBUTES = (CodeSignOnCopy, RemoveHeadersOnCopy, ); }; };
/* End PBXBuildFile section */

/* Begin PBXCopyFilesBuildPhase section */
		90246BF426583CC6007F1BCB /* Embed Frameworks */ = {
			isa = PBXCopyFilesBuildPhase;
			buildActionMask = 2147483647;
			dstPath = "";
			dstSubfolderSpec = 10;
			files = (
				90246BF326583CC6007F1BCB /* URLSessionAPI.framework in Embed Frameworks */,
			);
			name = "Embed Frameworks";
			runOnlyForDeploymentPostprocessing = 0;
		};
/* End PBXCopyFilesBuildPhase section */

/* Begin PBXFileReference section */
		90246BBA26582884007F1BCB /* URLSessionTemplate.app */ = {isa = PBXFileReference; explicitFileType = wrapper.application; includeInIndex = 0; path = URLSessionTemplate.app; sourceTree = BUILT_PRODUCTS_DIR; };
		90246BBD26582884007F1BCB /* AppDelegate.swift */ = {isa = PBXFileReference; lastKnownFileType = sourcecode.swift; path = AppDelegate.swift; sourceTree = "<group>"; };
		90246BC126582884007F1BCB /* ViewController.swift */ = {isa = PBXFileReference; lastKnownFileType = sourcecode.swift; path = ViewController.swift; sourceTree = "<group>"; };
		90246BC426582884007F1BCB /* Base */ = {isa = PBXFileReference; lastKnownFileType = file.storyboard; name = Base; path = Base.lproj/Main.storyboard; sourceTree = "<group>"; };
		90246BC626582885007F1BCB /* Assets.xcassets */ = {isa = PBXFileReference; lastKnownFileType = folder.assetcatalog; path = Assets.xcassets; sourceTree = "<group>"; };
		90246BC926582885007F1BCB /* Base */ = {isa = PBXFileReference; lastKnownFileType = file.storyboard; name = Base; path = Base.lproj/LaunchScreen.storyboard; sourceTree = "<group>"; };
		90246BCB26582885007F1BCB /* Info.plist */ = {isa = PBXFileReference; lastKnownFileType = text.plist.xml; path = Info.plist; sourceTree = "<group>"; };
		90246BD3265835AD007F1BCB /* AstroPhotoResponse.swift */ = {isa = PBXFileReference; lastKnownFileType = sourcecode.swift; path = AstroPhotoResponse.swift; sourceTree = "<group>"; };
		90246BF126583CC6007F1BCB /* URLSessionAPI.framework */ = {isa = PBXFileReference; explicitFileType = wrapper.framework; path = URLSessionAPI.framework; sourceTree = BUILT_PRODUCTS_DIR; };
/* End PBXFileReference section */

/* Begin PBXFrameworksBuildPhase section */
		90246BB726582884007F1BCB /* Frameworks */ = {
			isa = PBXFrameworksBuildPhase;
			buildActionMask = 2147483647;
			files = (
				90246BF226583CC6007F1BCB /* URLSessionAPI.framework in Frameworks */,
			);
			runOnlyForDeploymentPostprocessing = 0;
		};
/* End PBXFrameworksBuildPhase section */

/* Begin PBXGroup section */
		90246BB126582884007F1BCB = {
			isa = PBXGroup;
			children = (
				90246BBC26582884007F1BCB /* URLSessionTemplate */,
				90246BBB26582884007F1BCB /* Products */,
				90246BF026583CC6007F1BCB /* Frameworks */,
			);
			sourceTree = "<group>";
		};
		90246BBB26582884007F1BCB /* Products */ = {
			isa = PBXGroup;
			children = (
				90246BBA26582884007F1BCB /* URLSessionTemplate.app */,
			);
			name = Products;
			sourceTree = "<group>";
		};
		90246BBC26582884007F1BCB /* URLSessionTemplate */ = {
			isa = PBXGroup;
			children = (
				90246BBD26582884007F1BCB /* AppDelegate.swift */,
				90246BC126582884007F1BCB /* ViewController.swift */,
				90246BC326582884007F1BCB /* Main.storyboard */,
				90246BC626582885007F1BCB /* Assets.xcassets */,
				90246BC826582885007F1BCB /* LaunchScreen.storyboard */,
				90246BCB26582885007F1BCB /* Info.plist */,
				90246BD3265835AD007F1BCB /* AstroPhotoResponse.swift */,
			);
			path = URLSessionTemplate;
			sourceTree = "<group>";
		};
		90246BF026583CC6007F1BCB /* Frameworks */ = {
			isa = PBXGroup;
			children = (
				90246BF126583CC6007F1BCB /* URLSessionAPI.framework */,
			);
			name = Frameworks;
			sourceTree = "<group>";
		};
/* End PBXGroup section */

/* Begin PBXNativeTarget section */
		90246BB926582884007F1BCB /* URLSessionTemplate */ = {
			isa = PBXNativeTarget;
			buildConfigurationList = 90246BCE26582885007F1BCB /* Build configuration list for PBXNativeTarget "URLSessionTemplate" */;
			buildPhases = (
				90246BB626582884007F1BCB /* Sources */,
				90246BB726582884007F1BCB /* Frameworks */,
				90246BB826582884007F1BCB /* Resources */,
				90246BF426583CC6007F1BCB /* Embed Frameworks */,
			);
			buildRules = (
			);
			dependencies = (
			);
			name = URLSessionTemplate;
			productName = URLSessionTemplate;
			productReference = 90246BBA26582884007F1BCB /* URLSessionTemplate.app */;
			productType = "com.apple.product-type.application";
		};
/* End PBXNativeTarget section */

/* Begin PBXProject section */
		90246BB226582884007F1BCB /* Project object */ = {
			isa = PBXProject;
			attributes = {
				LastSwiftUpdateCheck = 1240;
				LastUpgradeCheck = 1240;
				TargetAttributes = {
					90246BB926582884007F1BCB = {
						CreatedOnToolsVersion = 12.4;
					};
				};
			};
			buildConfigurationList = 90246BB526582884007F1BCB /* Build configuration list for PBXProject "URLSessionTemplate" */;
			compatibilityVersion = "Xcode 9.3";
			developmentRegion = en;
			hasScannedForEncodings = 0;
			knownRegions = (
				en,
				Base,
			);
			mainGroup = 90246BB126582884007F1BCB;
			productRefGroup = 90246BBB26582884007F1BCB /* Products */;
			projectDirPath = "";
			projectRoot = "";
			targets = (
				90246BB926582884007F1BCB /* URLSessionTemplate */,
			);
		};
/* End PBXProject section */

/* Begin PBXResourcesBuildPhase section */
		90246BB826582884007F1BCB /* Resources */ = {
			isa = PBXResourcesBuildPhase;
			buildActionMask = 2147483647;
			files = (
				90246BCA26582885007F1BCB /* LaunchScreen.storyboard in Resources */,
				90246BC726582885007F1BCB /* Assets.xcassets in Resources */,
				90246BC526582884007F1BCB /* Main.storyboard in Resources */,
			);
			runOnlyForDeploymentPostprocessing = 0;
		};
/* End PBXResourcesBuildPhase section */

/* Begin PBXSourcesBuildPhase section */
		90246BB626582884007F1BCB /* Sources */ = {
			isa = PBXSourcesBuildPhase;
			buildActionMask = 2147483647;
			files = (
				90246BC226582884007F1BCB /* ViewController.swift in Sources */,
				90246BD4265835AD007F1BCB /* AstroPhotoResponse.swift in Sources */,
				90246BBE26582884007F1BCB /* AppDelegate.swift in Sources */,
			);
			runOnlyForDeploymentPostprocessing = 0;
		};
/* End PBXSourcesBuildPhase section */

/* Begin PBXVariantGroup section */
		90246BC326582884007F1BCB /* Main.storyboard */ = {
			isa = PBXVariantGroup;
			children = (
				90246BC426582884007F1BCB /* Base */,
			);
			name = Main.storyboard;
			sourceTree = "<group>";
		};
		90246BC826582885007F1BCB /* LaunchScreen.storyboard */ = {
			isa = PBXVariantGroup;
			children = (
				90246BC926582885007F1BCB /* Base */,
			);
			name = LaunchScreen.storyboard;
			sourceTree = "<group>";
		};
/* End PBXVariantGroup section */

/* Begin XCBuildConfiguration section */
		90246BCC26582885007F1BCB /* Debug */ = {
			isa = XCBuildConfiguration;
			buildSettings = {
				ALWAYS_SEARCH_USER_PATHS = NO;
				CLANG_ANALYZER_NONNULL = YES;
				CLANG_ANALYZER_NUMBER_OBJECT_CONVERSION = YES_AGGRESSIVE;
				CLANG_CXX_LANGUAGE_STANDARD = "gnu++14";
				CLANG_CXX_LIBRARY = "libc++";
				CLANG_ENABLE_MODULES = YES;
				CLANG_ENABLE_OBJC_ARC = YES;
				CLANG_ENABLE_OBJC_WEAK = YES;
				CLANG_WARN_BLOCK_CAPTURE_AUTORELEASING = YES;
				CLANG_WARN_BOOL_CONVERSION = YES;
				CLANG_WARN_COMMA = YES;
				CLANG_WARN_CONSTANT_CONVERSION = YES;
				CLANG_WARN_DEPRECATED_OBJC_IMPLEMENTATIONS = YES;
				CLANG_WARN_DIRECT_OBJC_ISA_USAGE = YES_ERROR;
				CLANG_WARN_DOCUMENTATION_COMMENTS = YES;
				CLANG_WARN_EMPTY_BODY = YES;
				CLANG_WARN_ENUM_CONVERSION = YES;
				CLANG_WARN_INFINITE_RECURSION = YES;
				CLANG_WARN_INT_CONVERSION = YES;
				CLANG_WARN_NON_LITERAL_NULL_CONVERSION = YES;
				CLANG_WARN_OBJC_IMPLICIT_RETAIN_SELF = YES;
				CLANG_WARN_OBJC_LITERAL_CONVERSION = YES;
				CLANG_WARN_OBJC_ROOT_CLASS = YES_ERROR;
				CLANG_WARN_QUOTED_INCLUDE_IN_FRAMEWORK_HEADER = YES;
				CLANG_WARN_RANGE_LOOP_ANALYSIS = YES;
				CLANG_WARN_STRICT_PROTOTYPES = YES;
				CLANG_WARN_SUSPICIOUS_MOVE = YES;
				CLANG_WARN_UNGUARDED_AVAILABILITY = YES_AGGRESSIVE;
				CLANG_WARN_UNREACHABLE_CODE = YES;
				CLANG_WARN__DUPLICATE_METHOD_MATCH = YES;
				COPY_PHASE_STRIP = NO;
				DEBUG_INFORMATION_FORMAT = dwarf;
				ENABLE_STRICT_OBJC_MSGSEND = YES;
				ENABLE_TESTABILITY = YES;
				GCC_C_LANGUAGE_STANDARD = gnu11;
				GCC_DYNAMIC_NO_PIC = NO;
				GCC_NO_COMMON_BLOCKS = YES;
				GCC_OPTIMIZATION_LEVEL = 0;
				GCC_PREPROCESSOR_DEFINITIONS = (
					"DEBUG=1",
					"$(inherited)",
				);
				GCC_WARN_64_TO_32_BIT_CONVERSION = YES;
				GCC_WARN_ABOUT_RETURN_TYPE = YES_ERROR;
				GCC_WARN_UNDECLARED_SELECTOR = YES;
				GCC_WARN_UNINITIALIZED_AUTOS = YES_AGGRESSIVE;
				GCC_WARN_UNUSED_FUNCTION = YES;
				GCC_WARN_UNUSED_VARIABLE = YES;
				IPHONEOS_DEPLOYMENT_TARGET = 14.4;
				MTL_ENABLE_DEBUG_INFO = INCLUDE_SOURCE;
				MTL_FAST_MATH = YES;
				ONLY_ACTIVE_ARCH = YES;
				SDKROOT = iphoneos;
				SWIFT_ACTIVE_COMPILATION_CONDITIONS = DEBUG;
				SWIFT_OPTIMIZATION_LEVEL = "-Onone";
			};
			name = Debug;
		};
		90246BCD26582885007F1BCB /* Release */ = {
			isa = XCBuildConfiguration;
			buildSettings = {
				ALWAYS_SEARCH_USER_PATHS = NO;
				CLANG_ANALYZER_NONNULL = YES;
				CLANG_ANALYZER_NUMBER_OBJECT_CONVERSION = YES_AGGRESSIVE;
				CLANG_CXX_LANGUAGE_STANDARD = "gnu++14";
				CLANG_CXX_LIBRARY = "libc++";
				CLANG_ENABLE_MODULES = YES;
				CLANG_ENABLE_OBJC_ARC = YES;
				CLANG_ENABLE_OBJC_WEAK = YES;
				CLANG_WARN_BLOCK_CAPTURE_AUTORELEASING = YES;
				CLANG_WARN_BOOL_CONVERSION = YES;
				CLANG_WARN_COMMA = YES;
				CLANG_WARN_CONSTANT_CONVERSION = YES;
				CLANG_WARN_DEPRECATED_OBJC_IMPLEMENTATIONS = YES;
				CLANG_WARN_DIRECT_OBJC_ISA_USAGE = YES_ERROR;
				CLANG_WARN_DOCUMENTATION_COMMENTS = YES;
				CLANG_WARN_EMPTY_BODY = YES;
				CLANG_WARN_ENUM_CONVERSION = YES;
				CLANG_WARN_INFINITE_RECURSION = YES;
				CLANG_WARN_INT_CONVERSION = YES;
				CLANG_WARN_NON_LITERAL_NULL_CONVERSION = YES;
				CLANG_WARN_OBJC_IMPLICIT_RETAIN_SELF = YES;
				CLANG_WARN_OBJC_LITERAL_CONVERSION = YES;
				CLANG_WARN_OBJC_ROOT_CLASS = YES_ERROR;
				CLANG_WARN_QUOTED_INCLUDE_IN_FRAMEWORK_HEADER = YES;
				CLANG_WARN_RANGE_LOOP_ANALYSIS = YES;
				CLANG_WARN_STRICT_PROTOTYPES = YES;
				CLANG_WARN_SUSPICIOUS_MOVE = YES;
				CLANG_WARN_UNGUARDED_AVAILABILITY = YES_AGGRESSIVE;
				CLANG_WARN_UNREACHABLE_CODE = YES;
				CLANG_WARN__DUPLICATE_METHOD_MATCH = YES;
				COPY_PHASE_STRIP = NO;
				DEBUG_INFORMATION_FORMAT = "dwarf-with-dsym";
				ENABLE_NS_ASSERTIONS = NO;
				ENABLE_STRICT_OBJC_MSGSEND = YES;
				GCC_C_LANGUAGE_STANDARD = gnu11;
				GCC_NO_COMMON_BLOCKS = YES;
				GCC_WARN_64_TO_32_BIT_CONVERSION = YES;
				GCC_WARN_ABOUT_RETURN_TYPE = YES_ERROR;
				GCC_WARN_UNDECLARED_SELECTOR = YES;
				GCC_WARN_UNINITIALIZED_AUTOS = YES_AGGRESSIVE;
				GCC_WARN_UNUSED_FUNCTION = YES;
				GCC_WARN_UNUSED_VARIABLE = YES;
				IPHONEOS_DEPLOYMENT_TARGET = 14.4;
				MTL_ENABLE_DEBUG_INFO = NO;
				MTL_FAST_MATH = YES;
				SDKROOT = iphoneos;
				SWIFT_COMPILATION_MODE = wholemodule;
				SWIFT_OPTIMIZATION_LEVEL = "-O";
				VALIDATE_PRODUCT = YES;
			};
			name = Release;
		};
		90246BCF26582885007F1BCB /* Debug */ = {
			isa = XCBuildConfiguration;
			buildSettings = {
				ASSETCATALOG_COMPILER_APPICON_NAME = AppIcon;
				ASSETCATALOG_COMPILER_GLOBAL_ACCENT_COLOR_NAME = AccentColor;
				CODE_SIGN_STYLE = Automatic;
				INFOPLIST_FILE = URLSessionTemplate/Info.plist;
				LD_RUNPATH_SEARCH_PATHS = (
					"$(inherited)",
					"@executable_path/Frameworks",
				);
				PRODUCT_BUNDLE_IDENTIFIER = com.trendyol.kit.URLSessionTemplate;
				PRODUCT_NAME = "$(TARGET_NAME)";
				SWIFT_VERSION = 5.0;
				TARGETED_DEVICE_FAMILY = "1,2";
			};
			name = Debug;
		};
		90246BD026582885007F1BCB /* Release */ = {
			isa = XCBuildConfiguration;
			buildSettings = {
				ASSETCATALOG_COMPILER_APPICON_NAME = AppIcon;
				ASSETCATALOG_COMPILER_GLOBAL_ACCENT_COLOR_NAME = AccentColor;
				CODE_SIGN_STYLE = Automatic;
				INFOPLIST_FILE = URLSessionTemplate/Info.plist;
				LD_RUNPATH_SEARCH_PATHS = (
					"$(inherited)",
					"@executable_path/Frameworks",
				);
				PRODUCT_BUNDLE_IDENTIFIER = com.trendyol.kit.URLSessionTemplate;
				PRODUCT_NAME = "$(TARGET_NAME)";
				SWIFT_VERSION = 5.0;
				TARGETED_DEVICE_FAMILY = "1,2";
			};
			name = Release;
		};
/* End XCBuildConfiguration section */

/* Begin XCConfigurationList section */
		90246BB526582884007F1BCB /* Build configuration list for PBXProject "URLSessionTemplate" */ = {
			isa = XCConfigurationList;
			buildConfigurations = (
				90246BCC26582885007F1BCB /* Debug */,
				90246BCD26582885007F1BCB /* Release */,
			);
			defaultConfigurationIsVisible = 0;
			defaultConfigurationName = Release;
		};
		90246BCE26582885007F1BCB /* Build configuration list for PBXNativeTarget "URLSessionTemplate" */ = {
			isa = XCConfigurationList;
			buildConfigurations = (
				90246BCF26582885007F1BCB /* Debug */,
				90246BD026582885007F1BCB /* Release */,
			);
			defaultConfigurationIsVisible = 0;
			defaultConfigurationName = Release;
		};
/* End XCConfigurationList section */
	};
	rootObject = 90246BB226582884007F1BCB /* Project object */;
}
